
Microsoft Visual Studio Solution File, Format Version 12.00
# Visual Studio Version 17
VisualStudioVersion = 17.12.35309.182
MinimumVisualStudioVersion = 10.0.40219.1
Project("{FAE04EC0-301F-11D3-BF4B-00C04F79EFBC}") = "Bookify.Web", "Bookify.Web\Bookify.Web.csproj", "{7392A89D-6789-4E36-8C56-AD33DF6CE197}"
EndProject
Project("{FAE04EC0-301F-11D3-BF4B-00C04F79EFBC}") = "Bookify.Domain", "Bookify.Domain\Bookify.Domain.csproj", "{2D1B1467-9BF7-4D8F-A759-0A0B611BC09F}"
EndProject
Project("{FAE04EC0-301F-11D3-BF4B-00C04F79EFBC}") = "Bookify.Application", "Bookify.Application\Bookify.Application.csproj", "{DDB68F7C-F6B3-4503-BCC2-74534B0AE489}"
EndProject
Project("{FAE04EC0-301F-11D3-BF4B-00C04F79EFBC}") = "Bookify.Infrastructure", "Bookify.Infrastructure\Bookify.Infrastructure.csproj", "{DFD4EC02-4BDB-4FAD-A321-3A8B8E87DEA5}"
EndProject
Project("{FAE04EC0-301F-11D3-BF4B-00C04F79EFBC}") = "Bookify.Contracts", "Bookify.Contracts\Bookify.Contracts.csproj", "{AA0DDC79-29BC-45AA-BEF0-BEC580933EC4}"
EndProject
Global
	GlobalSection(SolutionConfigurationPlatforms) = preSolution
		Debug|Any CPU = Debug|Any CPU
		Release|Any CPU = Release|Any CPU
	EndGlobalSection
	GlobalSection(ProjectConfigurationPlatforms) = postSolution
		{7392A89D-6789-4E36-8C56-AD33DF6CE197}.Debug|Any CPU.ActiveCfg = Debug|Any CPU
		{7392A89D-6789-4E36-8C56-AD33DF6CE197}.Debug|Any CPU.Build.0 = Debug|Any CPU
		{7392A89D-6789-4E36-8C56-AD33DF6CE197}.Release|Any CPU.ActiveCfg = Release|Any CPU
		{7392A89D-6789-4E36-8C56-AD33DF6CE197}.Release|Any CPU.Build.0 = Release|Any CPU
		{2D1B1467-9BF7-4D8F-A759-0A0B611BC09F}.Debug|Any CPU.ActiveCfg = Debug|Any CPU
		{2D1B1467-9BF7-4D8F-A759-0A0B611BC09F}.Debug|Any CPU.Build.0 = Debug|Any CPU
		{2D1B1467-9BF7-4D8F-A759-0A0B611BC09F}.Release|Any CPU.ActiveCfg = Release|Any CPU
		{2D1B1467-9BF7-4D8F-A759-0A0B611BC09F}.Release|Any CPU.Build.0 = Release|Any CPU
		{DDB68F7C-F6B3-4503-BCC2-74534B0AE489}.Debug|Any CPU.ActiveCfg = Debug|Any CPU
		{DDB68F7C-F6B3-4503-BCC2-74534B0AE489}.Debug|Any CPU.Build.0 = Debug|Any CPU
		{DDB68F7C-F6B3-4503-BCC2-74534B0AE489}.Release|Any CPU.ActiveCfg = Release|Any CPU
		{DDB68F7C-F6B3-4503-BCC2-74534B0AE489}.Release|Any CPU.Build.0 = Release|Any CPU
		{DFD4EC02-4BDB-4FAD-A321-3A8B8E87DEA5}.Debug|Any CPU.ActiveCfg = Debug|Any CPU
		{DFD4EC02-4BDB-4FAD-A321-3A8B8E87DEA5}.Debug|Any CPU.Build.0 = Debug|Any CPU
		{DFD4EC02-4BDB-4FAD-A321-3A8B8E87DEA5}.Release|Any CPU.ActiveCfg = Release|Any CPU
		{DFD4EC02-4BDB-4FAD-A321-3A8B8E87DEA5}.Release|Any CPU.Build.0 = Release|Any CPU
		{AA0DDC79-29BC-45AA-BEF0-BEC580933EC4}.Debug|Any CPU.ActiveCfg = Debug|Any CPU
		{AA0DDC79-29BC-45AA-BEF0-BEC580933EC4}.Debug|Any CPU.Build.0 = Debug|Any CPU
		{AA0DDC79-29BC-45AA-BEF0-BEC580933EC4}.Release|Any CPU.ActiveCfg = Release|Any CPU
		{AA0DDC79-29BC-45AA-BEF0-BEC580933EC4}.Release|Any CPU.Build.0 = Release|Any CPU
	EndGlobalSection
	GlobalSection(SolutionProperties) = preSolution
		HideSolutionNode = FALSE
	EndGlobalSection
	GlobalSection(ExtensibilityGlobals) = postSolution
		SolutionGuid = {0543B86F-FE35-4356-9A07-8B160435AF33}
	EndGlobalSection
EndGlobal
